
Microsoft Visual Studio Solution File, Format Version 12.00
# Visual Studio Version 16
VisualStudioVersion = 16.0.29215.179
MinimumVisualStudioVersion = 10.0.40219.1
Project("{FAE04EC0-301F-11D3-BF4B-00C04F79EFBC}") = "EFCoreDemoForApi", "EFCoreDemoForApi\EFCoreDemoForApi.csproj", "{4FD14EFD-26C2-4EC7-88BE-FCE6670BF5B0}"
EndProject
Project("{FAE04EC0-301F-11D3-BF4B-00C04F79EFBC}") = "Domain", "Domain\Domain.csproj", "{F95E73D0-E17D-4D3D-A40B-DD48EA393F10}"
EndProject
Project("{FAE04EC0-301F-11D3-BF4B-00C04F79EFBC}") = "AppServices", "AppServices\AppServices.csproj", "{C3E5ABF5-E439-4194-8FDD-19FF45FE9701}"
EndProject
Global
	GlobalSection(SolutionConfigurationPlatforms) = preSolution
		Debug|Any CPU = Debug|Any CPU
		Release|Any CPU = Release|Any CPU
	EndGlobalSection
	GlobalSection(ProjectConfigurationPlatforms) = postSolution
		{4FD14EFD-26C2-4EC7-88BE-FCE6670BF5B0}.Debug|Any CPU.ActiveCfg = Debug|Any CPU
		{4FD14EFD-26C2-4EC7-88BE-FCE6670BF5B0}.Debug|Any CPU.Build.0 = Debug|Any CPU
		{4FD14EFD-26C2-4EC7-88BE-FCE6670BF5B0}.Release|Any CPU.ActiveCfg = Release|Any CPU
		{4FD14EFD-26C2-4EC7-88BE-FCE6670BF5B0}.Release|Any CPU.Build.0 = Release|Any CPU
		{F95E73D0-E17D-4D3D-A40B-DD48EA393F10}.Debug|Any CPU.ActiveCfg = Debug|Any CPU
		{F95E73D0-E17D-4D3D-A40B-DD48EA393F10}.Debug|Any CPU.Build.0 = Debug|Any CPU
		{F95E73D0-E17D-4D3D-A40B-DD48EA393F10}.Release|Any CPU.ActiveCfg = Release|Any CPU
		{F95E73D0-E17D-4D3D-A40B-DD48EA393F10}.Release|Any CPU.Build.0 = Release|Any CPU
		{C3E5ABF5-E439-4194-8FDD-19FF45FE9701}.Debug|Any CPU.ActiveCfg = Debug|Any CPU
		{C3E5ABF5-E439-4194-8FDD-19FF45FE9701}.Debug|Any CPU.Build.0 = Debug|Any CPU
		{C3E5ABF5-E439-4194-8FDD-19FF45FE9701}.Release|Any CPU.ActiveCfg = Release|Any CPU
		{C3E5ABF5-E439-4194-8FDD-19FF45FE9701}.Release|Any CPU.Build.0 = Release|Any CPU
	EndGlobalSection
	GlobalSection(SolutionProperties) = preSolution
		HideSolutionNode = FALSE
	EndGlobalSection
	GlobalSection(ExtensibilityGlobals) = postSolution
		SolutionGuid = {9860F46F-F535-457B-8480-037060004134}
	EndGlobalSection
EndGlobal
